
Microsoft Visual Studio Solution File, Format Version 12.00
# Visual Studio 15
Project("{FAE04EC0-301F-11D3-BF4B-00C04F79EFBC}") = "DotNetCore", "DotNetCore\DotNetCore.csproj", "{BF5310D5-A8C8-46E2-AD3B-57DAF106DCAD}"
EndProject
Project("{2150E333-8FDC-42A3-9474-1A3956D46DE8}") = "Solution Items", "Solution Items", "{3D58209F-0CB4-4C53-8E62-66ED9709C5EB}"
	ProjectSection(SolutionItems) = preProject
		DotNetCore.sln = DotNetCore.sln
	EndProjectSection
EndProject
Project("{FAE04EC0-301F-11D3-BF4B-00C04F79EFBC}") = "Regular_Expression", "Regular_Expression\Regular_Expression.csproj", "{83D3DF49-A441-4196-9288-8C218B67A1A5}"
EndProject
Project("{FAE04EC0-301F-11D3-BF4B-00C04F79EFBC}") = "Number_ToWords", "Number_ToWords\Number_ToWords.csproj", "{F6917F98-0AE5-43F0-B1F0-E6299FABD966}"
EndProject
Project("{FAE04EC0-301F-11D3-BF4B-00C04F79EFBC}") = "JsonPractice", "JsonPractice\JsonPractice.csproj", "{1A393CC9-C20F-4C3B-A72C-29A381EE207E}"
EndProject
Project("{FAE04EC0-301F-11D3-BF4B-00C04F79EFBC}") = "XML_Practice", "XML_Practice\XML_Practice.csproj", "{D808E958-B1FB-4910-8A93-1372066D7529}"
EndProject
Global
	GlobalSection(SolutionConfigurationPlatforms) = preSolution
		Debug|Any CPU = Debug|Any CPU
		Release|Any CPU = Release|Any CPU
	EndGlobalSection
	GlobalSection(ProjectConfigurationPlatforms) = postSolution
		{BF5310D5-A8C8-46E2-AD3B-57DAF106DCAD}.Debug|Any CPU.ActiveCfg = Debug|Any CPU
		{BF5310D5-A8C8-46E2-AD3B-57DAF106DCAD}.Debug|Any CPU.Build.0 = Debug|Any CPU
		{BF5310D5-A8C8-46E2-AD3B-57DAF106DCAD}.Release|Any CPU.ActiveCfg = Release|Any CPU
		{BF5310D5-A8C8-46E2-AD3B-57DAF106DCAD}.Release|Any CPU.Build.0 = Release|Any CPU
		{83D3DF49-A441-4196-9288-8C218B67A1A5}.Debug|Any CPU.ActiveCfg = Debug|Any CPU
		{83D3DF49-A441-4196-9288-8C218B67A1A5}.Debug|Any CPU.Build.0 = Debug|Any CPU
		{83D3DF49-A441-4196-9288-8C218B67A1A5}.Release|Any CPU.ActiveCfg = Release|Any CPU
		{83D3DF49-A441-4196-9288-8C218B67A1A5}.Release|Any CPU.Build.0 = Release|Any CPU
		{F6917F98-0AE5-43F0-B1F0-E6299FABD966}.Debug|Any CPU.ActiveCfg = Debug|Any CPU
		{F6917F98-0AE5-43F0-B1F0-E6299FABD966}.Debug|Any CPU.Build.0 = Debug|Any CPU
		{F6917F98-0AE5-43F0-B1F0-E6299FABD966}.Release|Any CPU.ActiveCfg = Release|Any CPU
		{F6917F98-0AE5-43F0-B1F0-E6299FABD966}.Release|Any CPU.Build.0 = Release|Any CPU
		{1A393CC9-C20F-4C3B-A72C-29A381EE207E}.Debug|Any CPU.ActiveCfg = Debug|Any CPU
		{1A393CC9-C20F-4C3B-A72C-29A381EE207E}.Debug|Any CPU.Build.0 = Debug|Any CPU
		{1A393CC9-C20F-4C3B-A72C-29A381EE207E}.Release|Any CPU.ActiveCfg = Release|Any CPU
		{1A393CC9-C20F-4C3B-A72C-29A381EE207E}.Release|Any CPU.Build.0 = Release|Any CPU
		{D808E958-B1FB-4910-8A93-1372066D7529}.Debug|Any CPU.ActiveCfg = Debug|Any CPU
		{D808E958-B1FB-4910-8A93-1372066D7529}.Debug|Any CPU.Build.0 = Debug|Any CPU
		{D808E958-B1FB-4910-8A93-1372066D7529}.Release|Any CPU.ActiveCfg = Release|Any CPU
		{D808E958-B1FB-4910-8A93-1372066D7529}.Release|Any CPU.Build.0 = Release|Any CPU
	EndGlobalSection
EndGlobal
